
Microsoft Visual Studio Solution File, Format Version 12.00
# Visual Studio Version 17
VisualStudioVersion = 17.14.36623.8 d17.14
MinimumVisualStudioVersion = 10.0.40219.1
Project("{FAE04EC0-301F-11D3-BF4B-00C04F79EFBC}") = "Anipat", "Anipat\Anipat.csproj", "{0F183CB8-5222-4B0A-A8D4-27FD96EC8539}"
EndProject
Global
	GlobalSection(SolutionConfigurationPlatforms) = preSolution
		Debug|Any CPU = Debug|Any CPU
		Release|Any CPU = Release|Any CPU
	EndGlobalSection
	GlobalSection(ProjectConfigurationPlatforms) = postSolution
		{0F183CB8-5222-4B0A-A8D4-27FD96EC8539}.Debug|Any CPU.ActiveCfg = Debug|Any CPU
		{0F183CB8-5222-4B0A-A8D4-27FD96EC8539}.Debug|Any CPU.Build.0 = Debug|Any CPU
		{0F183CB8-5222-4B0A-A8D4-27FD96EC8539}.Release|Any CPU.ActiveCfg = Release|Any CPU
		{0F183CB8-5222-4B0A-A8D4-27FD96EC8539}.Release|Any CPU.Build.0 = Release|Any CPU
	EndGlobalSection
	GlobalSection(SolutionProperties) = preSolution
		HideSolutionNode = FALSE
	EndGlobalSection
	GlobalSection(ExtensibilityGlobals) = postSolution
		SolutionGuid = {FF0D3659-D515-46B9-A3DD-F17B85B88519}
	EndGlobalSection
EndGlobal
